
Microsoft Visual Studio Solution File, Format Version 12.00
# Visual Studio 14
VisualStudioVersion = 14.0.24720.0
MinimumVisualStudioVersion = 10.0.40219.1
Project("{2150E333-8FDC-42A3-9474-1A3956D46DE8}") = "Os.Brain.Doc", "Os.Brain.Doc", "{A929A223-33A1-46B6-93DF-466ECB96296F}"
EndProject
Project("{2150E333-8FDC-42A3-9474-1A3956D46DE8}") = "Os.Brain.Lib", "Os.Brain.Lib", "{CDFC7A7C-2A97-4F46-BF25-61BE15C451DB}"
EndProject
Project("{2150E333-8FDC-42A3-9474-1A3956D46DE8}") = "Os.Brain.iBxg", "Os.Brain.iBxg", "{7F2A7E12-9CC6-4581-882A-918B4CD400B6}"
EndProject
Project("{FAE04EC0-301F-11D3-BF4B-00C04F79EFBC}") = "Os.Brain.Core", "Os.Brain.Lib\Os.Brain.Core\Os.Brain.Core.csproj", "{F6694F3A-BC35-422E-BADD-7087A97A586F}"
EndProject
Project("{FAE04EC0-301F-11D3-BF4B-00C04F79EFBC}") = "Os.Brain.AutoUpdater", "Os.Brain.Lib\Os.Brain.AutoUpdater\Os.Brain.AutoUpdater.csproj", "{D6109318-1CDC-486F-8485-E169BD759B97}"
EndProject
Project("{FAE04EC0-301F-11D3-BF4B-00C04F79EFBC}") = "Os.Brain.Files", "Os.Brain.Doc\Os.Brain.Files\Os.Brain.Files.csproj", "{D053B472-5CFD-4F00-9A4E-E1F5728E7A47}"
EndProject
Project("{FAE04EC0-301F-11D3-BF4B-00C04F79EFBC}") = "Os.Brain.iBxg.Admin", "Os.Brain.iBxg\Os.Brain.iBxg.Admin\Os.Brain.iBxg.Admin.csproj", "{D78FC50B-3B9D-4450-BDE8-FC707BD5442C}"
EndProject
Project("{FAE04EC0-301F-11D3-BF4B-00C04F79EFBC}") = "Os.Brain.iBxg.Core", "Os.Brain.iBxg\Os.Brain.iBxg.Core\Os.Brain.iBxg.Core.csproj", "{3E1A5C53-AC90-4FD3-AECA-77F82A8FC3C6}"
EndProject
Project("{FAE04EC0-301F-11D3-BF4B-00C04F79EFBC}") = "Os.Brain.iBxg.UCenter", "Os.Brain.iBxg\Os.Brain.iBxg.UCenter\Os.Brain.iBxg.UCenter.csproj", "{4C27B610-293B-4AEC-9C48-5A31D89B5AF0}"
EndProject
Project("{2150E333-8FDC-42A3-9474-1A3956D46DE8}") = "Lib", "Lib", "{214BB0D0-6E51-4297-99B2-3EE7B2E108F7}"
EndProject
Project("{2150E333-8FDC-42A3-9474-1A3956D46DE8}") = "Web", "Web", "{933ED3D8-DC3B-46D8-AABA-9632821E80A9}"
EndProject
Project("{2150E333-8FDC-42A3-9474-1A3956D46DE8}") = "Os.Brain.Database", "Os.Brain.Database", "{69318118-7202-4DF8-AB1F-52821C1E6297}"
EndProject
Project("{00D1A9C2-B5F0-4AF3-8072-F6C62B433612}") = "Database", "Os.Brain.Database\Database.sqlproj", "{C610E1E2-FF1D-4A66-9E84-2E09A386BFD3}"
EndProject
Project("{2150E333-8FDC-42A3-9474-1A3956D46DE8}") = "Os.Brain.Mvc", "Os.Brain.Mvc", "{2BFC8637-3339-4382-B77E-9319080D442C}"
EndProject
Project("{8BB2217D-0F2D-49D1-97BC-3654ED321F3B}") = "Os.Brain", "Os.Brain.Mvc\Os.Brain\Os.Brain.xproj", "{33029380-5F50-41B8-A063-2E94B3EECFB4}"
EndProject
Project("{8BB2217D-0F2D-49D1-97BC-3654ED321F3B}") = "Os.Brain.Core", "Os.Brain.Mvc\Os.Brain.Core\Os.Brain.Core.xproj", "{4884CF3E-5AE2-4E22-A1C9-F47D74E3A19C}"
EndProject
Project("{8BB2217D-0F2D-49D1-97BC-3654ED321F3B}") = "Os.Brain.Models", "Os.Brain.Mvc\Os.Brain.Models\Os.Brain.Models.xproj", "{AD174DF2-34E7-4BDA-A2F1-0F56D0DDD365}"
EndProject
Project("{8BB2217D-0F2D-49D1-97BC-3654ED321F3B}") = "Os.Brain.ViewModels", "Os.Brain.Mvc\Os.Brain.ViewModels\Os.Brain.ViewModels.xproj", "{917C4991-4EC3-4044-98CA-E3872D08E5DB}"
EndProject
Project("{8BB2217D-0F2D-49D1-97BC-3654ED321F3B}") = "Os.Brain.WCF", "Os.Brain.Mvc\Os.Brain.WCF\Os.Brain.WCF.xproj", "{7C9CCB93-64C6-4659-920A-EB07A35050B2}"
EndProject
Project("{262852C6-CD72-467D-83FE-5EEB1973A190}") = "HelloWorld", "C:\Users\Craze\Documents\Visual Studio 2015\Projects\BlankCordovaApp1\HelloWorld\HelloWorld.jsproj", "{7472BFD8-A469-4530-8A67-325C98D3FCE3}"
EndProject
Global
	GlobalSection(SolutionConfigurationPlatforms) = preSolution
		Debug|Android = Debug|Android
		Debug|Any CPU = Debug|Any CPU
		Debug|iOS = Debug|iOS
		Debug|Windows Phone (Universal) = Debug|Windows Phone (Universal)
		Debug|Windows Phone 8 = Debug|Windows Phone 8
		Debug|Windows-AnyCPU = Debug|Windows-AnyCPU
		Debug|Windows-ARM = Debug|Windows-ARM
		Debug|Windows-x64 = Debug|Windows-x64
		Debug|Windows-x86 = Debug|Windows-x86
		Release|Android = Release|Android
		Release|Any CPU = Release|Any CPU
		Release|iOS = Release|iOS
		Release|Windows Phone (Universal) = Release|Windows Phone (Universal)
		Release|Windows Phone 8 = Release|Windows Phone 8
		Release|Windows-AnyCPU = Release|Windows-AnyCPU
		Release|Windows-ARM = Release|Windows-ARM
		Release|Windows-x64 = Release|Windows-x64
		Release|Windows-x86 = Release|Windows-x86
	EndGlobalSection
	GlobalSection(ProjectConfigurationPlatforms) = postSolution
		{F6694F3A-BC35-422E-BADD-7087A97A586F}.Debug|Android.ActiveCfg = Debug|Any CPU
		{F6694F3A-BC35-422E-BADD-7087A97A586F}.Debug|Android.Build.0 = Debug|Any CPU
		{F6694F3A-BC35-422E-BADD-7087A97A586F}.Debug|Any CPU.ActiveCfg = Debug|Any CPU
		{F6694F3A-BC35-422E-BADD-7087A97A586F}.Debug|Any CPU.Build.0 = Debug|Any CPU
		{F6694F3A-BC35-422E-BADD-7087A97A586F}.Debug|iOS.ActiveCfg = Debug|Any CPU
		{F6694F3A-BC35-422E-BADD-7087A97A586F}.Debug|iOS.Build.0 = Debug|Any CPU
		{F6694F3A-BC35-422E-BADD-7087A97A586F}.Debug|Windows Phone (Universal).ActiveCfg = Debug|Any CPU
		{F6694F3A-BC35-422E-BADD-7087A97A586F}.Debug|Windows Phone (Universal).Build.0 = Debug|Any CPU
		{F6694F3A-BC35-422E-BADD-7087A97A586F}.Debug|Windows Phone 8.ActiveCfg = Debug|Any CPU
		{F6694F3A-BC35-422E-BADD-7087A97A586F}.Debug|Windows Phone 8.Build.0 = Debug|Any CPU
		{F6694F3A-BC35-422E-BADD-7087A97A586F}.Debug|Windows-AnyCPU.ActiveCfg = Debug|Any CPU
		{F6694F3A-BC35-422E-BADD-7087A97A586F}.Debug|Windows-AnyCPU.Build.0 = Debug|Any CPU
		{F6694F3A-BC35-422E-BADD-7087A97A586F}.Debug|Windows-ARM.ActiveCfg = Debug|Any CPU
		{F6694F3A-BC35-422E-BADD-7087A97A586F}.Debug|Windows-ARM.Build.0 = Debug|Any CPU
		{F6694F3A-BC35-422E-BADD-7087A97A586F}.Debug|Windows-x64.ActiveCfg = Debug|Any CPU
		{F6694F3A-BC35-422E-BADD-7087A97A586F}.Debug|Windows-x64.Build.0 = Debug|Any CPU
		{F6694F3A-BC35-422E-BADD-7087A97A586F}.Debug|Windows-x86.ActiveCfg = Debug|Any CPU
		{F6694F3A-BC35-422E-BADD-7087A97A586F}.Debug|Windows-x86.Build.0 = Debug|Any CPU
		{F6694F3A-BC35-422E-BADD-7087A97A586F}.Release|Android.ActiveCfg = Release|Any CPU
		{F6694F3A-BC35-422E-BADD-7087A97A586F}.Release|Android.Build.0 = Release|Any CPU
		{F6694F3A-BC35-422E-BADD-7087A97A586F}.Release|Any CPU.ActiveCfg = Release|Any CPU
		{F6694F3A-BC35-422E-BADD-7087A97A586F}.Release|Any CPU.Build.0 = Release|Any CPU
		{F6694F3A-BC35-422E-BADD-7087A97A586F}.Release|iOS.ActiveCfg = Release|Any CPU
		{F6694F3A-BC35-422E-BADD-7087A97A586F}.Release|iOS.Build.0 = Release|Any CPU
		{F6694F3A-BC35-422E-BADD-7087A97A586F}.Release|Windows Phone (Universal).ActiveCfg = Release|Any CPU
		{F6694F3A-BC35-422E-BADD-7087A97A586F}.Release|Windows Phone (Universal).Build.0 = Release|Any CPU
		{F6694F3A-BC35-422E-BADD-7087A97A586F}.Release|Windows Phone 8.ActiveCfg = Release|Any CPU
		{F6694F3A-BC35-422E-BADD-7087A97A586F}.Release|Windows Phone 8.Build.0 = Release|Any CPU
		{F6694F3A-BC35-422E-BADD-7087A97A586F}.Release|Windows-AnyCPU.ActiveCfg = Release|Any CPU
		{F6694F3A-BC35-422E-BADD-7087A97A586F}.Release|Windows-AnyCPU.Build.0 = Release|Any CPU
		{F6694F3A-BC35-422E-BADD-7087A97A586F}.Release|Windows-ARM.ActiveCfg = Release|Any CPU
		{F6694F3A-BC35-422E-BADD-7087A97A586F}.Release|Windows-ARM.Build.0 = Release|Any CPU
		{F6694F3A-BC35-422E-BADD-7087A97A586F}.Release|Windows-x64.ActiveCfg = Release|Any CPU
		{F6694F3A-BC35-422E-BADD-7087A97A586F}.Release|Windows-x64.Build.0 = Release|Any CPU
		{F6694F3A-BC35-422E-BADD-7087A97A586F}.Release|Windows-x86.ActiveCfg = Release|Any CPU
		{F6694F3A-BC35-422E-BADD-7087A97A586F}.Release|Windows-x86.Build.0 = Release|Any CPU
		{D6109318-1CDC-486F-8485-E169BD759B97}.Debug|Android.ActiveCfg = Debug|Any CPU
		{D6109318-1CDC-486F-8485-E169BD759B97}.Debug|Android.Build.0 = Debug|Any CPU
		{D6109318-1CDC-486F-8485-E169BD759B97}.Debug|Any CPU.ActiveCfg = Debug|Any CPU
		{D6109318-1CDC-486F-8485-E169BD759B97}.Debug|Any CPU.Build.0 = Debug|Any CPU
		{D6109318-1CDC-486F-8485-E169BD759B97}.Debug|iOS.ActiveCfg = Debug|Any CPU
		{D6109318-1CDC-486F-8485-E169BD759B97}.Debug|iOS.Build.0 = Debug|Any CPU
		{D6109318-1CDC-486F-8485-E169BD759B97}.Debug|Windows Phone (Universal).ActiveCfg = Debug|Any CPU
		{D6109318-1CDC-486F-8485-E169BD759B97}.Debug|Windows Phone (Universal).Build.0 = Debug|Any CPU
		{D6109318-1CDC-486F-8485-E169BD759B97}.Debug|Windows Phone 8.ActiveCfg = Debug|Any CPU
		{D6109318-1CDC-486F-8485-E169BD759B97}.Debug|Windows Phone 8.Build.0 = Debug|Any CPU
		{D6109318-1CDC-486F-8485-E169BD759B97}.Debug|Windows-AnyCPU.ActiveCfg = Debug|Any CPU
		{D6109318-1CDC-486F-8485-E169BD759B97}.Debug|Windows-AnyCPU.Build.0 = Debug|Any CPU
		{D6109318-1CDC-486F-8485-E169BD759B97}.Debug|Windows-ARM.ActiveCfg = Debug|Any CPU
		{D6109318-1CDC-486F-8485-E169BD759B97}.Debug|Windows-ARM.Build.0 = Debug|Any CPU
		{D6109318-1CDC-486F-8485-E169BD759B97}.Debug|Windows-x64.ActiveCfg = Debug|Any CPU
		{D6109318-1CDC-486F-8485-E169BD759B97}.Debug|Windows-x64.Build.0 = Debug|Any CPU
		{D6109318-1CDC-486F-8485-E169BD759B97}.Debug|Windows-x86.ActiveCfg = Debug|Any CPU
		{D6109318-1CDC-486F-8485-E169BD759B97}.Debug|Windows-x86.Build.0 = Debug|Any CPU
		{D6109318-1CDC-486F-8485-E169BD759B97}.Release|Android.ActiveCfg = Release|Any CPU
		{D6109318-1CDC-486F-8485-E169BD759B97}.Release|Android.Build.0 = Release|Any CPU
		{D6109318-1CDC-486F-8485-E169BD759B97}.Release|Any CPU.ActiveCfg = Release|Any CPU
		{D6109318-1CDC-486F-8485-E169BD759B97}.Release|Any CPU.Build.0 = Release|Any CPU
		{D6109318-1CDC-486F-8485-E169BD759B97}.Release|iOS.ActiveCfg = Release|Any CPU
		{D6109318-1CDC-486F-8485-E169BD759B97}.Release|iOS.Build.0 = Release|Any CPU
		{D6109318-1CDC-486F-8485-E169BD759B97}.Release|Windows Phone (Universal).ActiveCfg = Release|Any CPU
		{D6109318-1CDC-486F-8485-E169BD759B97}.Release|Windows Phone (Universal).Build.0 = Release|Any CPU
		{D6109318-1CDC-486F-8485-E169BD759B97}.Release|Windows Phone 8.ActiveCfg = Release|Any CPU
		{D6109318-1CDC-486F-8485-E169BD759B97}.Release|Windows Phone 8.Build.0 = Release|Any CPU
		{D6109318-1CDC-486F-8485-E169BD759B97}.Release|Windows-AnyCPU.ActiveCfg = Release|Any CPU
		{D6109318-1CDC-486F-8485-E169BD759B97}.Release|Windows-AnyCPU.Build.0 = Release|Any CPU
		{D6109318-1CDC-486F-8485-E169BD759B97}.Release|Windows-ARM.ActiveCfg = Release|Any CPU
		{D6109318-1CDC-486F-8485-E169BD759B97}.Release|Windows-ARM.Build.0 = Release|Any CPU
		{D6109318-1CDC-486F-8485-E169BD759B97}.Release|Windows-x64.ActiveCfg = Release|Any CPU
		{D6109318-1CDC-486F-8485-E169BD759B97}.Release|Windows-x64.Build.0 = Release|Any CPU
		{D6109318-1CDC-486F-8485-E169BD759B97}.Release|Windows-x86.ActiveCfg = Release|Any CPU
		{D6109318-1CDC-486F-8485-E169BD759B97}.Release|Windows-x86.Build.0 = Release|Any CPU
		{D053B472-5CFD-4F00-9A4E-E1F5728E7A47}.Debug|Android.ActiveCfg = Debug|Any CPU
		{D053B472-5CFD-4F00-9A4E-E1F5728E7A47}.Debug|Android.Build.0 = Debug|Any CPU
		{D053B472-5CFD-4F00-9A4E-E1F5728E7A47}.Debug|Any CPU.ActiveCfg = Debug|Any CPU
		{D053B472-5CFD-4F00-9A4E-E1F5728E7A47}.Debug|Any CPU.Build.0 = Debug|Any CPU
		{D053B472-5CFD-4F00-9A4E-E1F5728E7A47}.Debug|iOS.ActiveCfg = Debug|Any CPU
		{D053B472-5CFD-4F00-9A4E-E1F5728E7A47}.Debug|iOS.Build.0 = Debug|Any CPU
		{D053B472-5CFD-4F00-9A4E-E1F5728E7A47}.Debug|Windows Phone (Universal).ActiveCfg = Debug|Any CPU
		{D053B472-5CFD-4F00-9A4E-E1F5728E7A47}.Debug|Windows Phone (Universal).Build.0 = Debug|Any CPU
		{D053B472-5CFD-4F00-9A4E-E1F5728E7A47}.Debug|Windows Phone 8.ActiveCfg = Debug|Any CPU
		{D053B472-5CFD-4F00-9A4E-E1F5728E7A47}.Debug|Windows Phone 8.Build.0 = Debug|Any CPU
		{D053B472-5CFD-4F00-9A4E-E1F5728E7A47}.Debug|Windows-AnyCPU.ActiveCfg = Debug|Any CPU
		{D053B472-5CFD-4F00-9A4E-E1F5728E7A47}.Debug|Windows-AnyCPU.Build.0 = Debug|Any CPU
		{D053B472-5CFD-4F00-9A4E-E1F5728E7A47}.Debug|Windows-ARM.ActiveCfg = Debug|Any CPU
		{D053B472-5CFD-4F00-9A4E-E1F5728E7A47}.Debug|Windows-ARM.Build.0 = Debug|Any CPU
		{D053B472-5CFD-4F00-9A4E-E1F5728E7A47}.Debug|Windows-x64.ActiveCfg = Debug|Any CPU
		{D053B472-5CFD-4F00-9A4E-E1F5728E7A47}.Debug|Windows-x64.Build.0 = Debug|Any CPU
		{D053B472-5CFD-4F00-9A4E-E1F5728E7A47}.Debug|Windows-x86.ActiveCfg = Debug|Any CPU
		{D053B472-5CFD-4F00-9A4E-E1F5728E7A47}.Debug|Windows-x86.Build.0 = Debug|Any CPU
		{D053B472-5CFD-4F00-9A4E-E1F5728E7A47}.Release|Android.ActiveCfg = Release|Any CPU
		{D053B472-5CFD-4F00-9A4E-E1F5728E7A47}.Release|Android.Build.0 = Release|Any CPU
		{D053B472-5CFD-4F00-9A4E-E1F5728E7A47}.Release|Any CPU.ActiveCfg = Release|Any CPU
		{D053B472-5CFD-4F00-9A4E-E1F5728E7A47}.Release|Any CPU.Build.0 = Release|Any CPU
		{D053B472-5CFD-4F00-9A4E-E1F5728E7A47}.Release|iOS.ActiveCfg = Release|Any CPU
		{D053B472-5CFD-4F00-9A4E-E1F5728E7A47}.Release|iOS.Build.0 = Release|Any CPU
		{D053B472-5CFD-4F00-9A4E-E1F5728E7A47}.Release|Windows Phone (Universal).ActiveCfg = Release|Any CPU
		{D053B472-5CFD-4F00-9A4E-E1F5728E7A47}.Release|Windows Phone (Universal).Build.0 = Release|Any CPU
		{D053B472-5CFD-4F00-9A4E-E1F5728E7A47}.Release|Windows Phone 8.ActiveCfg = Release|Any CPU
		{D053B472-5CFD-4F00-9A4E-E1F5728E7A47}.Release|Windows Phone 8.Build.0 = Release|Any CPU
		{D053B472-5CFD-4F00-9A4E-E1F5728E7A47}.Release|Windows-AnyCPU.ActiveCfg = Release|Any CPU
		{D053B472-5CFD-4F00-9A4E-E1F5728E7A47}.Release|Windows-AnyCPU.Build.0 = Release|Any CPU
		{D053B472-5CFD-4F00-9A4E-E1F5728E7A47}.Release|Windows-ARM.ActiveCfg = Release|Any CPU
		{D053B472-5CFD-4F00-9A4E-E1F5728E7A47}.Release|Windows-ARM.Build.0 = Release|Any CPU
		{D053B472-5CFD-4F00-9A4E-E1F5728E7A47}.Release|Windows-x64.ActiveCfg = Release|Any CPU
		{D053B472-5CFD-4F00-9A4E-E1F5728E7A47}.Release|Windows-x64.Build.0 = Release|Any CPU
		{D053B472-5CFD-4F00-9A4E-E1F5728E7A47}.Release|Windows-x86.ActiveCfg = Release|Any CPU
		{D053B472-5CFD-4F00-9A4E-E1F5728E7A47}.Release|Windows-x86.Build.0 = Release|Any CPU
		{D78FC50B-3B9D-4450-BDE8-FC707BD5442C}.Debug|Android.ActiveCfg = Debug|Any CPU
		{D78FC50B-3B9D-4450-BDE8-FC707BD5442C}.Debug|Android.Build.0 = Debug|Any CPU
		{D78FC50B-3B9D-4450-BDE8-FC707BD5442C}.Debug|Any CPU.ActiveCfg = Debug|Any CPU
		{D78FC50B-3B9D-4450-BDE8-FC707BD5442C}.Debug|Any CPU.Build.0 = Debug|Any CPU
		{D78FC50B-3B9D-4450-BDE8-FC707BD5442C}.Debug|iOS.ActiveCfg = Debug|Any CPU
		{D78FC50B-3B9D-4450-BDE8-FC707BD5442C}.Debug|iOS.Build.0 = Debug|Any CPU
		{D78FC50B-3B9D-4450-BDE8-FC707BD5442C}.Debug|Windows Phone (Universal).ActiveCfg = Debug|Any CPU
		{D78FC50B-3B9D-4450-BDE8-FC707BD5442C}.Debug|Windows Phone (Universal).Build.0 = Debug|Any CPU
		{D78FC50B-3B9D-4450-BDE8-FC707BD5442C}.Debug|Windows Phone 8.ActiveCfg = Debug|Any CPU
		{D78FC50B-3B9D-4450-BDE8-FC707BD5442C}.Debug|Windows Phone 8.Build.0 = Debug|Any CPU
		{D78FC50B-3B9D-4450-BDE8-FC707BD5442C}.Debug|Windows-AnyCPU.ActiveCfg = Debug|Any CPU
		{D78FC50B-3B9D-4450-BDE8-FC707BD5442C}.Debug|Windows-AnyCPU.Build.0 = Debug|Any CPU
		{D78FC50B-3B9D-4450-BDE8-FC707BD5442C}.Debug|Windows-ARM.ActiveCfg = Debug|Any CPU
		{D78FC50B-3B9D-4450-BDE8-FC707BD5442C}.Debug|Windows-ARM.Build.0 = Debug|Any CPU
		{D78FC50B-3B9D-4450-BDE8-FC707BD5442C}.Debug|Windows-x64.ActiveCfg = Debug|Any CPU
		{D78FC50B-3B9D-4450-BDE8-FC707BD5442C}.Debug|Windows-x64.Build.0 = Debug|Any CPU
		{D78FC50B-3B9D-4450-BDE8-FC707BD5442C}.Debug|Windows-x86.ActiveCfg = Debug|Any CPU
		{D78FC50B-3B9D-4450-BDE8-FC707BD5442C}.Debug|Windows-x86.Build.0 = Debug|Any CPU
		{D78FC50B-3B9D-4450-BDE8-FC707BD5442C}.Release|Android.ActiveCfg = Release|Any CPU
		{D78FC50B-3B9D-4450-BDE8-FC707BD5442C}.Release|Android.Build.0 = Release|Any CPU
		{D78FC50B-3B9D-4450-BDE8-FC707BD5442C}.Release|Any CPU.ActiveCfg = Release|Any CPU
		{D78FC50B-3B9D-4450-BDE8-FC707BD5442C}.Release|Any CPU.Build.0 = Release|Any CPU
		{D78FC50B-3B9D-4450-BDE8-FC707BD5442C}.Release|iOS.ActiveCfg = Release|Any CPU
		{D78FC50B-3B9D-4450-BDE8-FC707BD5442C}.Release|iOS.Build.0 = Release|Any CPU
		{D78FC50B-3B9D-4450-BDE8-FC707BD5442C}.Release|Windows Phone (Universal).ActiveCfg = Release|Any CPU
		{D78FC50B-3B9D-4450-BDE8-FC707BD5442C}.Release|Windows Phone (Universal).Build.0 = Release|Any CPU
		{D78FC50B-3B9D-4450-BDE8-FC707BD5442C}.Release|Windows Phone 8.ActiveCfg = Release|Any CPU
		{D78FC50B-3B9D-4450-BDE8-FC707BD5442C}.Release|Windows Phone 8.Build.0 = Release|Any CPU
		{D78FC50B-3B9D-4450-BDE8-FC707BD5442C}.Release|Windows-AnyCPU.ActiveCfg = Release|Any CPU
		{D78FC50B-3B9D-4450-BDE8-FC707BD5442C}.Release|Windows-AnyCPU.Build.0 = Release|Any CPU
		{D78FC50B-3B9D-4450-BDE8-FC707BD5442C}.Release|Windows-ARM.ActiveCfg = Release|Any CPU
		{D78FC50B-3B9D-4450-BDE8-FC707BD5442C}.Release|Windows-ARM.Build.0 = Release|Any CPU
		{D78FC50B-3B9D-4450-BDE8-FC707BD5442C}.Release|Windows-x64.ActiveCfg = Release|Any CPU
		{D78FC50B-3B9D-4450-BDE8-FC707BD5442C}.Release|Windows-x64.Build.0 = Release|Any CPU
		{D78FC50B-3B9D-4450-BDE8-FC707BD5442C}.Release|Windows-x86.ActiveCfg = Release|Any CPU
		{D78FC50B-3B9D-4450-BDE8-FC707BD5442C}.Release|Windows-x86.Build.0 = Release|Any CPU
		{3E1A5C53-AC90-4FD3-AECA-77F82A8FC3C6}.Debug|Android.ActiveCfg = Debug|Any CPU
		{3E1A5C53-AC90-4FD3-AECA-77F82A8FC3C6}.Debug|Android.Build.0 = Debug|Any CPU
		{3E1A5C53-AC90-4FD3-AECA-77F82A8FC3C6}.Debug|Any CPU.ActiveCfg = Debug|Any CPU
		{3E1A5C53-AC90-4FD3-AECA-77F82A8FC3C6}.Debug|Any CPU.Build.0 = Debug|Any CPU
		{3E1A5C53-AC90-4FD3-AECA-77F82A8FC3C6}.Debug|iOS.ActiveCfg = Debug|Any CPU
		{3E1A5C53-AC90-4FD3-AECA-77F82A8FC3C6}.Debug|iOS.Build.0 = Debug|Any CPU
		{3E1A5C53-AC90-4FD3-AECA-77F82A8FC3C6}.Debug|Windows Phone (Universal).ActiveCfg = Debug|Any CPU
		{3E1A5C53-AC90-4FD3-AECA-77F82A8FC3C6}.Debug|Windows Phone (Universal).Build.0 = Debug|Any CPU
		{3E1A5C53-AC90-4FD3-AECA-77F82A8FC3C6}.Debug|Windows Phone 8.ActiveCfg = Debug|Any CPU
		{3E1A5C53-AC90-4FD3-AECA-77F82A8FC3C6}.Debug|Windows Phone 8.Build.0 = Debug|Any CPU
		{3E1A5C53-AC90-4FD3-AECA-77F82A8FC3C6}.Debug|Windows-AnyCPU.ActiveCfg = Debug|Any CPU
		{3E1A5C53-AC90-4FD3-AECA-77F82A8FC3C6}.Debug|Windows-AnyCPU.Build.0 = Debug|Any CPU
		{3E1A5C53-AC90-4FD3-AECA-77F82A8FC3C6}.Debug|Windows-ARM.ActiveCfg = Debug|Any CPU
		{3E1A5C53-AC90-4FD3-AECA-77F82A8FC3C6}.Debug|Windows-ARM.Build.0 = Debug|Any CPU
		{3E1A5C53-AC90-4FD3-AECA-77F82A8FC3C6}.Debug|Windows-x64.ActiveCfg = Debug|Any CPU
		{3E1A5C53-AC90-4FD3-AECA-77F82A8FC3C6}.Debug|Windows-x64.Build.0 = Debug|Any CPU
		{3E1A5C53-AC90-4FD3-AECA-77F82A8FC3C6}.Debug|Windows-x86.ActiveCfg = Debug|Any CPU
		{3E1A5C53-AC90-4FD3-AECA-77F82A8FC3C6}.Debug|Windows-x86.Build.0 = Debug|Any CPU
		{3E1A5C53-AC90-4FD3-AECA-77F82A8FC3C6}.Release|Android.ActiveCfg = Release|Any CPU
		{3E1A5C53-AC90-4FD3-AECA-77F82A8FC3C6}.Release|Android.Build.0 = Release|Any CPU
		{3E1A5C53-AC90-4FD3-AECA-77F82A8FC3C6}.Release|Any CPU.ActiveCfg = Release|Any CPU
		{3E1A5C53-AC90-4FD3-AECA-77F82A8FC3C6}.Release|Any CPU.Build.0 = Release|Any CPU
		{3E1A5C53-AC90-4FD3-AECA-77F82A8FC3C6}.Release|iOS.ActiveCfg = Release|Any CPU
		{3E1A5C53-AC90-4FD3-AECA-77F82A8FC3C6}.Release|iOS.Build.0 = Release|Any CPU
		{3E1A5C53-AC90-4FD3-AECA-77F82A8FC3C6}.Release|Windows Phone (Universal).ActiveCfg = Release|Any CPU
		{3E1A5C53-AC90-4FD3-AECA-77F82A8FC3C6}.Release|Windows Phone (Universal).Build.0 = Release|Any CPU
		{3E1A5C53-AC90-4FD3-AECA-77F82A8FC3C6}.Release|Windows Phone 8.ActiveCfg = Release|Any CPU
		{3E1A5C53-AC90-4FD3-AECA-77F82A8FC3C6}.Release|Windows Phone 8.Build.0 = Release|Any CPU
		{3E1A5C53-AC90-4FD3-AECA-77F82A8FC3C6}.Release|Windows-AnyCPU.ActiveCfg = Release|Any CPU
		{3E1A5C53-AC90-4FD3-AECA-77F82A8FC3C6}.Release|Windows-AnyCPU.Build.0 = Release|Any CPU
		{3E1A5C53-AC90-4FD3-AECA-77F82A8FC3C6}.Release|Windows-ARM.ActiveCfg = Release|Any CPU
		{3E1A5C53-AC90-4FD3-AECA-77F82A8FC3C6}.Release|Windows-ARM.Build.0 = Release|Any CPU
		{3E1A5C53-AC90-4FD3-AECA-77F82A8FC3C6}.Release|Windows-x64.ActiveCfg = Release|Any CPU
		{3E1A5C53-AC90-4FD3-AECA-77F82A8FC3C6}.Release|Windows-x64.Build.0 = Release|Any CPU
		{3E1A5C53-AC90-4FD3-AECA-77F82A8FC3C6}.Release|Windows-x86.ActiveCfg = Release|Any CPU
		{3E1A5C53-AC90-4FD3-AECA-77F82A8FC3C6}.Release|Windows-x86.Build.0 = Release|Any CPU
		{4C27B610-293B-4AEC-9C48-5A31D89B5AF0}.Debug|Android.ActiveCfg = Debug|Any CPU
		{4C27B610-293B-4AEC-9C48-5A31D89B5AF0}.Debug|Android.Build.0 = Debug|Any CPU
		{4C27B610-293B-4AEC-9C48-5A31D89B5AF0}.Debug|Any CPU.ActiveCfg = Debug|Any CPU
		{4C27B610-293B-4AEC-9C48-5A31D89B5AF0}.Debug|Any CPU.Build.0 = Debug|Any CPU
		{4C27B610-293B-4AEC-9C48-5A31D89B5AF0}.Debug|iOS.ActiveCfg = Debug|Any CPU
		{4C27B610-293B-4AEC-9C48-5A31D89B5AF0}.Debug|iOS.Build.0 = Debug|Any CPU
		{4C27B610-293B-4AEC-9C48-5A31D89B5AF0}.Debug|Windows Phone (Universal).ActiveCfg = Debug|Any CPU
		{4C27B610-293B-4AEC-9C48-5A31D89B5AF0}.Debug|Windows Phone (Universal).Build.0 = Debug|Any CPU
		{4C27B610-293B-4AEC-9C48-5A31D89B5AF0}.Debug|Windows Phone 8.ActiveCfg = Debug|Any CPU
		{4C27B610-293B-4AEC-9C48-5A31D89B5AF0}.Debug|Windows Phone 8.Build.0 = Debug|Any CPU
		{4C27B610-293B-4AEC-9C48-5A31D89B5AF0}.Debug|Windows-AnyCPU.ActiveCfg = Debug|Any CPU
		{4C27B610-293B-4AEC-9C48-5A31D89B5AF0}.Debug|Windows-AnyCPU.Build.0 = Debug|Any CPU
		{4C27B610-293B-4AEC-9C48-5A31D89B5AF0}.Debug|Windows-ARM.ActiveCfg = Debug|Any CPU
		{4C27B610-293B-4AEC-9C48-5A31D89B5AF0}.Debug|Windows-ARM.Build.0 = Debug|Any CPU
		{4C27B610-293B-4AEC-9C48-5A31D89B5AF0}.Debug|Windows-x64.ActiveCfg = Debug|Any CPU
		{4C27B610-293B-4AEC-9C48-5A31D89B5AF0}.Debug|Windows-x64.Build.0 = Debug|Any CPU
		{4C27B610-293B-4AEC-9C48-5A31D89B5AF0}.Debug|Windows-x86.ActiveCfg = Debug|Any CPU
		{4C27B610-293B-4AEC-9C48-5A31D89B5AF0}.Debug|Windows-x86.Build.0 = Debug|Any CPU
		{4C27B610-293B-4AEC-9C48-5A31D89B5AF0}.Release|Android.ActiveCfg = Release|Any CPU
		{4C27B610-293B-4AEC-9C48-5A31D89B5AF0}.Release|Android.Build.0 = Release|Any CPU
		{4C27B610-293B-4AEC-9C48-5A31D89B5AF0}.Release|Any CPU.ActiveCfg = Release|Any CPU
		{4C27B610-293B-4AEC-9C48-5A31D89B5AF0}.Release|Any CPU.Build.0 = Release|Any CPU
		{4C27B610-293B-4AEC-9C48-5A31D89B5AF0}.Release|iOS.ActiveCfg = Release|Any CPU
		{4C27B610-293B-4AEC-9C48-5A31D89B5AF0}.Release|iOS.Build.0 = Release|Any CPU
		{4C27B610-293B-4AEC-9C48-5A31D89B5AF0}.Release|Windows Phone (Universal).ActiveCfg = Release|Any CPU
		{4C27B610-293B-4AEC-9C48-5A31D89B5AF0}.Release|Windows Phone (Universal).Build.0 = Release|Any CPU
		{4C27B610-293B-4AEC-9C48-5A31D89B5AF0}.Release|Windows Phone 8.ActiveCfg = Release|Any CPU
		{4C27B610-293B-4AEC-9C48-5A31D89B5AF0}.Release|Windows Phone 8.Build.0 = Release|Any CPU
		{4C27B610-293B-4AEC-9C48-5A31D89B5AF0}.Release|Windows-AnyCPU.ActiveCfg = Release|Any CPU
		{4C27B610-293B-4AEC-9C48-5A31D89B5AF0}.Release|Windows-AnyCPU.Build.0 = Release|Any CPU
		{4C27B610-293B-4AEC-9C48-5A31D89B5AF0}.Release|Windows-ARM.ActiveCfg = Release|Any CPU
		{4C27B610-293B-4AEC-9C48-5A31D89B5AF0}.Release|Windows-ARM.Build.0 = Release|Any CPU
		{4C27B610-293B-4AEC-9C48-5A31D89B5AF0}.Release|Windows-x64.ActiveCfg = Release|Any CPU
		{4C27B610-293B-4AEC-9C48-5A31D89B5AF0}.Release|Windows-x64.Build.0 = Release|Any CPU
		{4C27B610-293B-4AEC-9C48-5A31D89B5AF0}.Release|Windows-x86.ActiveCfg = Release|Any CPU
		{4C27B610-293B-4AEC-9C48-5A31D89B5AF0}.Release|Windows-x86.Build.0 = Release|Any CPU
		{C610E1E2-FF1D-4A66-9E84-2E09A386BFD3}.Debug|Android.ActiveCfg = Debug|Any CPU
		{C610E1E2-FF1D-4A66-9E84-2E09A386BFD3}.Debug|Android.Build.0 = Debug|Any CPU
		{C610E1E2-FF1D-4A66-9E84-2E09A386BFD3}.Debug|Android.Deploy.0 = Debug|Any CPU
		{C610E1E2-FF1D-4A66-9E84-2E09A386BFD3}.Debug|Any CPU.ActiveCfg = Debug|Any CPU
		{C610E1E2-FF1D-4A66-9E84-2E09A386BFD3}.Debug|Any CPU.Build.0 = Debug|Any CPU
		{C610E1E2-FF1D-4A66-9E84-2E09A386BFD3}.Debug|Any CPU.Deploy.0 = Debug|Any CPU
		{C610E1E2-FF1D-4A66-9E84-2E09A386BFD3}.Debug|iOS.ActiveCfg = Debug|Any CPU
		{C610E1E2-FF1D-4A66-9E84-2E09A386BFD3}.Debug|iOS.Build.0 = Debug|Any CPU
		{C610E1E2-FF1D-4A66-9E84-2E09A386BFD3}.Debug|iOS.Deploy.0 = Debug|Any CPU
		{C610E1E2-FF1D-4A66-9E84-2E09A386BFD3}.Debug|Windows Phone (Universal).ActiveCfg = Debug|Any CPU
		{C610E1E2-FF1D-4A66-9E84-2E09A386BFD3}.Debug|Windows Phone (Universal).Build.0 = Debug|Any CPU
		{C610E1E2-FF1D-4A66-9E84-2E09A386BFD3}.Debug|Windows Phone (Universal).Deploy.0 = Debug|Any CPU
		{C610E1E2-FF1D-4A66-9E84-2E09A386BFD3}.Debug|Windows Phone 8.ActiveCfg = Debug|Any CPU
		{C610E1E2-FF1D-4A66-9E84-2E09A386BFD3}.Debug|Windows Phone 8.Build.0 = Debug|Any CPU
		{C610E1E2-FF1D-4A66-9E84-2E09A386BFD3}.Debug|Windows Phone 8.Deploy.0 = Debug|Any CPU
		{C610E1E2-FF1D-4A66-9E84-2E09A386BFD3}.Debug|Windows-AnyCPU.ActiveCfg = Debug|Any CPU
		{C610E1E2-FF1D-4A66-9E84-2E09A386BFD3}.Debug|Windows-AnyCPU.Build.0 = Debug|Any CPU
		{C610E1E2-FF1D-4A66-9E84-2E09A386BFD3}.Debug|Windows-AnyCPU.Deploy.0 = Debug|Any CPU
		{C610E1E2-FF1D-4A66-9E84-2E09A386BFD3}.Debug|Windows-ARM.ActiveCfg = Debug|Any CPU
		{C610E1E2-FF1D-4A66-9E84-2E09A386BFD3}.Debug|Windows-ARM.Build.0 = Debug|Any CPU
		{C610E1E2-FF1D-4A66-9E84-2E09A386BFD3}.Debug|Windows-ARM.Deploy.0 = Debug|Any CPU
		{C610E1E2-FF1D-4A66-9E84-2E09A386BFD3}.Debug|Windows-x64.ActiveCfg = Debug|Any CPU
		{C610E1E2-FF1D-4A66-9E84-2E09A386BFD3}.Debug|Windows-x64.Build.0 = Debug|Any CPU
		{C610E1E2-FF1D-4A66-9E84-2E09A386BFD3}.Debug|Windows-x64.Deploy.0 = Debug|Any CPU
		{C610E1E2-FF1D-4A66-9E84-2E09A386BFD3}.Debug|Windows-x86.ActiveCfg = Debug|Any CPU
		{C610E1E2-FF1D-4A66-9E84-2E09A386BFD3}.Debug|Windows-x86.Build.0 = Debug|Any CPU
		{C610E1E2-FF1D-4A66-9E84-2E09A386BFD3}.Debug|Windows-x86.Deploy.0 = Debug|Any CPU
		{C610E1E2-FF1D-4A66-9E84-2E09A386BFD3}.Release|Android.ActiveCfg = Release|Any CPU
		{C610E1E2-FF1D-4A66-9E84-2E09A386BFD3}.Release|Android.Build.0 = Release|Any CPU
		{C610E1E2-FF1D-4A66-9E84-2E09A386BFD3}.Release|Android.Deploy.0 = Release|Any CPU
		{C610E1E2-FF1D-4A66-9E84-2E09A386BFD3}.Release|Any CPU.ActiveCfg = Release|Any CPU
		{C610E1E2-FF1D-4A66-9E84-2E09A386BFD3}.Release|Any CPU.Build.0 = Release|Any CPU
		{C610E1E2-FF1D-4A66-9E84-2E09A386BFD3}.Release|Any CPU.Deploy.0 = Release|Any CPU
		{C610E1E2-FF1D-4A66-9E84-2E09A386BFD3}.Release|iOS.ActiveCfg = Release|Any CPU
		{C610E1E2-FF1D-4A66-9E84-2E09A386BFD3}.Release|iOS.Build.0 = Release|Any CPU
		{C610E1E2-FF1D-4A66-9E84-2E09A386BFD3}.Release|iOS.Deploy.0 = Release|Any CPU
		{C610E1E2-FF1D-4A66-9E84-2E09A386BFD3}.Release|Windows Phone (Universal).ActiveCfg = Release|Any CPU
		{C610E1E2-FF1D-4A66-9E84-2E09A386BFD3}.Release|Windows Phone (Universal).Build.0 = Release|Any CPU
		{C610E1E2-FF1D-4A66-9E84-2E09A386BFD3}.Release|Windows Phone (Universal).Deploy.0 = Release|Any CPU
		{C610E1E2-FF1D-4A66-9E84-2E09A386BFD3}.Release|Windows Phone 8.ActiveCfg = Release|Any CPU
		{C610E1E2-FF1D-4A66-9E84-2E09A386BFD3}.Release|Windows Phone 8.Build.0 = Release|Any CPU
		{C610E1E2-FF1D-4A66-9E84-2E09A386BFD3}.Release|Windows Phone 8.Deploy.0 = Release|Any CPU
		{C610E1E2-FF1D-4A66-9E84-2E09A386BFD3}.Release|Windows-AnyCPU.ActiveCfg = Release|Any CPU
		{C610E1E2-FF1D-4A66-9E84-2E09A386BFD3}.Release|Windows-AnyCPU.Build.0 = Release|Any CPU
		{C610E1E2-FF1D-4A66-9E84-2E09A386BFD3}.Release|Windows-AnyCPU.Deploy.0 = Release|Any CPU
		{C610E1E2-FF1D-4A66-9E84-2E09A386BFD3}.Release|Windows-ARM.ActiveCfg = Release|Any CPU
		{C610E1E2-FF1D-4A66-9E84-2E09A386BFD3}.Release|Windows-ARM.Build.0 = Release|Any CPU
		{C610E1E2-FF1D-4A66-9E84-2E09A386BFD3}.Release|Windows-ARM.Deploy.0 = Release|Any CPU
		{C610E1E2-FF1D-4A66-9E84-2E09A386BFD3}.Release|Windows-x64.ActiveCfg = Release|Any CPU
		{C610E1E2-FF1D-4A66-9E84-2E09A386BFD3}.Release|Windows-x64.Build.0 = Release|Any CPU
		{C610E1E2-FF1D-4A66-9E84-2E09A386BFD3}.Release|Windows-x64.Deploy.0 = Release|Any CPU
		{C610E1E2-FF1D-4A66-9E84-2E09A386BFD3}.Release|Windows-x86.ActiveCfg = Release|Any CPU
		{C610E1E2-FF1D-4A66-9E84-2E09A386BFD3}.Release|Windows-x86.Build.0 = Release|Any CPU
		{C610E1E2-FF1D-4A66-9E84-2E09A386BFD3}.Release|Windows-x86.Deploy.0 = Release|Any CPU
		{33029380-5F50-41B8-A063-2E94B3EECFB4}.Debug|Android.ActiveCfg = Debug|Any CPU
		{33029380-5F50-41B8-A063-2E94B3EECFB4}.Debug|Android.Build.0 = Debug|Any CPU
		{33029380-5F50-41B8-A063-2E94B3EECFB4}.Debug|Any CPU.ActiveCfg = Debug|Any CPU
		{33029380-5F50-41B8-A063-2E94B3EECFB4}.Debug|Any CPU.Build.0 = Debug|Any CPU
		{33029380-5F50-41B8-A063-2E94B3EECFB4}.Debug|iOS.ActiveCfg = Debug|Any CPU
		{33029380-5F50-41B8-A063-2E94B3EECFB4}.Debug|iOS.Build.0 = Debug|Any CPU
		{33029380-5F50-41B8-A063-2E94B3EECFB4}.Debug|Windows Phone (Universal).ActiveCfg = Debug|Any CPU
		{33029380-5F50-41B8-A063-2E94B3EECFB4}.Debug|Windows Phone (Universal).Build.0 = Debug|Any CPU
		{33029380-5F50-41B8-A063-2E94B3EECFB4}.Debug|Windows Phone 8.ActiveCfg = Debug|Any CPU
		{33029380-5F50-41B8-A063-2E94B3EECFB4}.Debug|Windows Phone 8.Build.0 = Debug|Any CPU
		{33029380-5F50-41B8-A063-2E94B3EECFB4}.Debug|Windows-AnyCPU.ActiveCfg = Debug|Any CPU
		{33029380-5F50-41B8-A063-2E94B3EECFB4}.Debug|Windows-AnyCPU.Build.0 = Debug|Any CPU
		{33029380-5F50-41B8-A063-2E94B3EECFB4}.Debug|Windows-ARM.ActiveCfg = Debug|Any CPU
		{33029380-5F50-41B8-A063-2E94B3EECFB4}.Debug|Windows-ARM.Build.0 = Debug|Any CPU
		{33029380-5F50-41B8-A063-2E94B3EECFB4}.Debug|Windows-x64.ActiveCfg = Debug|Any CPU
		{33029380-5F50-41B8-A063-2E94B3EECFB4}.Debug|Windows-x64.Build.0 = Debug|Any CPU
		{33029380-5F50-41B8-A063-2E94B3EECFB4}.Debug|Windows-x86.ActiveCfg = Debug|Any CPU
		{33029380-5F50-41B8-A063-2E94B3EECFB4}.Debug|Windows-x86.Build.0 = Debug|Any CPU
		{33029380-5F50-41B8-A063-2E94B3EECFB4}.Release|Android.ActiveCfg = Release|Any CPU
		{33029380-5F50-41B8-A063-2E94B3EECFB4}.Release|Android.Build.0 = Release|Any CPU
		{33029380-5F50-41B8-A063-2E94B3EECFB4}.Release|Any CPU.ActiveCfg = Release|Any CPU
		{33029380-5F50-41B8-A063-2E94B3EECFB4}.Release|Any CPU.Build.0 = Release|Any CPU
		{33029380-5F50-41B8-A063-2E94B3EECFB4}.Release|iOS.ActiveCfg = Release|Any CPU
		{33029380-5F50-41B8-A063-2E94B3EECFB4}.Release|iOS.Build.0 = Release|Any CPU
		{33029380-5F50-41B8-A063-2E94B3EECFB4}.Release|Windows Phone (Universal).ActiveCfg = Release|Any CPU
		{33029380-5F50-41B8-A063-2E94B3EECFB4}.Release|Windows Phone (Universal).Build.0 = Release|Any CPU
		{33029380-5F50-41B8-A063-2E94B3EECFB4}.Release|Windows Phone 8.ActiveCfg = Release|Any CPU
		{33029380-5F50-41B8-A063-2E94B3EECFB4}.Release|Windows Phone 8.Build.0 = Release|Any CPU
		{33029380-5F50-41B8-A063-2E94B3EECFB4}.Release|Windows-AnyCPU.ActiveCfg = Release|Any CPU
		{33029380-5F50-41B8-A063-2E94B3EECFB4}.Release|Windows-AnyCPU.Build.0 = Release|Any CPU
		{33029380-5F50-41B8-A063-2E94B3EECFB4}.Release|Windows-ARM.ActiveCfg = Release|Any CPU
		{33029380-5F50-41B8-A063-2E94B3EECFB4}.Release|Windows-ARM.Build.0 = Release|Any CPU
		{33029380-5F50-41B8-A063-2E94B3EECFB4}.Release|Windows-x64.ActiveCfg = Release|Any CPU
		{33029380-5F50-41B8-A063-2E94B3EECFB4}.Release|Windows-x64.Build.0 = Release|Any CPU
		{33029380-5F50-41B8-A063-2E94B3EECFB4}.Release|Windows-x86.ActiveCfg = Release|Any CPU
		{33029380-5F50-41B8-A063-2E94B3EECFB4}.Release|Windows-x86.Build.0 = Release|Any CPU
		{4884CF3E-5AE2-4E22-A1C9-F47D74E3A19C}.Debug|Android.ActiveCfg = Debug|Any CPU
		{4884CF3E-5AE2-4E22-A1C9-F47D74E3A19C}.Debug|Android.Build.0 = Debug|Any CPU
		{4884CF3E-5AE2-4E22-A1C9-F47D74E3A19C}.Debug|Any CPU.ActiveCfg = Debug|Any CPU
		{4884CF3E-5AE2-4E22-A1C9-F47D74E3A19C}.Debug|Any CPU.Build.0 = Debug|Any CPU
		{4884CF3E-5AE2-4E22-A1C9-F47D74E3A19C}.Debug|iOS.ActiveCfg = Debug|Any CPU
		{4884CF3E-5AE2-4E22-A1C9-F47D74E3A19C}.Debug|iOS.Build.0 = Debug|Any CPU
		{4884CF3E-5AE2-4E22-A1C9-F47D74E3A19C}.Debug|Windows Phone (Universal).ActiveCfg = Debug|Any CPU
		{4884CF3E-5AE2-4E22-A1C9-F47D74E3A19C}.Debug|Windows Phone (Universal).Build.0 = Debug|Any CPU
		{4884CF3E-5AE2-4E22-A1C9-F47D74E3A19C}.Debug|Windows Phone 8.ActiveCfg = Debug|Any CPU
		{4884CF3E-5AE2-4E22-A1C9-F47D74E3A19C}.Debug|Windows Phone 8.Build.0 = Debug|Any CPU
		{4884CF3E-5AE2-4E22-A1C9-F47D74E3A19C}.Debug|Windows-AnyCPU.ActiveCfg = Debug|Any CPU
		{4884CF3E-5AE2-4E22-A1C9-F47D74E3A19C}.Debug|Windows-AnyCPU.Build.0 = Debug|Any CPU
		{4884CF3E-5AE2-4E22-A1C9-F47D74E3A19C}.Debug|Windows-ARM.ActiveCfg = Debug|Any CPU
		{4884CF3E-5AE2-4E22-A1C9-F47D74E3A19C}.Debug|Windows-ARM.Build.0 = Debug|Any CPU
		{4884CF3E-5AE2-4E22-A1C9-F47D74E3A19C}.Debug|Windows-x64.ActiveCfg = Debug|Any CPU
		{4884CF3E-5AE2-4E22-A1C9-F47D74E3A19C}.Debug|Windows-x64.Build.0 = Debug|Any CPU
		{4884CF3E-5AE2-4E22-A1C9-F47D74E3A19C}.Debug|Windows-x86.ActiveCfg = Debug|Any CPU
		{4884CF3E-5AE2-4E22-A1C9-F47D74E3A19C}.Debug|Windows-x86.Build.0 = Debug|Any CPU
		{4884CF3E-5AE2-4E22-A1C9-F47D74E3A19C}.Release|Android.ActiveCfg = Release|Any CPU
		{4884CF3E-5AE2-4E22-A1C9-F47D74E3A19C}.Release|Android.Build.0 = Release|Any CPU
		{4884CF3E-5AE2-4E22-A1C9-F47D74E3A19C}.Release|Any CPU.ActiveCfg = Release|Any CPU
		{4884CF3E-5AE2-4E22-A1C9-F47D74E3A19C}.Release|Any CPU.Build.0 = Release|Any CPU
		{4884CF3E-5AE2-4E22-A1C9-F47D74E3A19C}.Release|iOS.ActiveCfg = Release|Any CPU
		{4884CF3E-5AE2-4E22-A1C9-F47D74E3A19C}.Release|iOS.Build.0 = Release|Any CPU
		{4884CF3E-5AE2-4E22-A1C9-F47D74E3A19C}.Release|Windows Phone (Universal).ActiveCfg = Release|Any CPU
		{4884CF3E-5AE2-4E22-A1C9-F47D74E3A19C}.Release|Windows Phone (Universal).Build.0 = Release|Any CPU
		{4884CF3E-5AE2-4E22-A1C9-F47D74E3A19C}.Release|Windows Phone 8.ActiveCfg = Release|Any CPU
		{4884CF3E-5AE2-4E22-A1C9-F47D74E3A19C}.Release|Windows Phone 8.Build.0 = Release|Any CPU
		{4884CF3E-5AE2-4E22-A1C9-F47D74E3A19C}.Release|Windows-AnyCPU.ActiveCfg = Release|Any CPU
		{4884CF3E-5AE2-4E22-A1C9-F47D74E3A19C}.Release|Windows-AnyCPU.Build.0 = Release|Any CPU
		{4884CF3E-5AE2-4E22-A1C9-F47D74E3A19C}.Release|Windows-ARM.ActiveCfg = Release|Any CPU
		{4884CF3E-5AE2-4E22-A1C9-F47D74E3A19C}.Release|Windows-ARM.Build.0 = Release|Any CPU
		{4884CF3E-5AE2-4E22-A1C9-F47D74E3A19C}.Release|Windows-x64.ActiveCfg = Release|Any CPU
		{4884CF3E-5AE2-4E22-A1C9-F47D74E3A19C}.Release|Windows-x64.Build.0 = Release|Any CPU
		{4884CF3E-5AE2-4E22-A1C9-F47D74E3A19C}.Release|Windows-x86.ActiveCfg = Release|Any CPU
		{4884CF3E-5AE2-4E22-A1C9-F47D74E3A19C}.Release|Windows-x86.Build.0 = Release|Any CPU
		{AD174DF2-34E7-4BDA-A2F1-0F56D0DDD365}.Debug|Android.ActiveCfg = Debug|Any CPU
		{AD174DF2-34E7-4BDA-A2F1-0F56D0DDD365}.Debug|Android.Build.0 = Debug|Any CPU
		{AD174DF2-34E7-4BDA-A2F1-0F56D0DDD365}.Debug|Any CPU.ActiveCfg = Debug|Any CPU
		{AD174DF2-34E7-4BDA-A2F1-0F56D0DDD365}.Debug|Any CPU.Build.0 = Debug|Any CPU
		{AD174DF2-34E7-4BDA-A2F1-0F56D0DDD365}.Debug|iOS.ActiveCfg = Debug|Any CPU
		{AD174DF2-34E7-4BDA-A2F1-0F56D0DDD365}.Debug|iOS.Build.0 = Debug|Any CPU
		{AD174DF2-34E7-4BDA-A2F1-0F56D0DDD365}.Debug|Windows Phone (Universal).ActiveCfg = Debug|Any CPU
		{AD174DF2-34E7-4BDA-A2F1-0F56D0DDD365}.Debug|Windows Phone (Universal).Build.0 = Debug|Any CPU
		{AD174DF2-34E7-4BDA-A2F1-0F56D0DDD365}.Debug|Windows Phone 8.ActiveCfg = Debug|Any CPU
		{AD174DF2-34E7-4BDA-A2F1-0F56D0DDD365}.Debug|Windows Phone 8.Build.0 = Debug|Any CPU
		{AD174DF2-34E7-4BDA-A2F1-0F56D0DDD365}.Debug|Windows-AnyCPU.ActiveCfg = Debug|Any CPU
		{AD174DF2-34E7-4BDA-A2F1-0F56D0DDD365}.Debug|Windows-AnyCPU.Build.0 = Debug|Any CPU
		{AD174DF2-34E7-4BDA-A2F1-0F56D0DDD365}.Debug|Windows-ARM.ActiveCfg = Debug|Any CPU
		{AD174DF2-34E7-4BDA-A2F1-0F56D0DDD365}.Debug|Windows-ARM.Build.0 = Debug|Any CPU
		{AD174DF2-34E7-4BDA-A2F1-0F56D0DDD365}.Debug|Windows-x64.ActiveCfg = Debug|Any CPU
		{AD174DF2-34E7-4BDA-A2F1-0F56D0DDD365}.Debug|Windows-x64.Build.0 = Debug|Any CPU
		{AD174DF2-34E7-4BDA-A2F1-0F56D0DDD365}.Debug|Windows-x86.ActiveCfg = Debug|Any CPU
		{AD174DF2-34E7-4BDA-A2F1-0F56D0DDD365}.Debug|Windows-x86.Build.0 = Debug|Any CPU
		{AD174DF2-34E7-4BDA-A2F1-0F56D0DDD365}.Release|Android.ActiveCfg = Release|Any CPU
		{AD174DF2-34E7-4BDA-A2F1-0F56D0DDD365}.Release|Android.Build.0 = Release|Any CPU
		{AD174DF2-34E7-4BDA-A2F1-0F56D0DDD365}.Release|Any CPU.ActiveCfg = Release|Any CPU
		{AD174DF2-34E7-4BDA-A2F1-0F56D0DDD365}.Release|Any CPU.Build.0 = Release|Any CPU
		{AD174DF2-34E7-4BDA-A2F1-0F56D0DDD365}.Release|iOS.ActiveCfg = Release|Any CPU
		{AD174DF2-34E7-4BDA-A2F1-0F56D0DDD365}.Release|iOS.Build.0 = Release|Any CPU
		{AD174DF2-34E7-4BDA-A2F1-0F56D0DDD365}.Release|Windows Phone (Universal).ActiveCfg = Release|Any CPU
		{AD174DF2-34E7-4BDA-A2F1-0F56D0DDD365}.Release|Windows Phone (Universal).Build.0 = Release|Any CPU
		{AD174DF2-34E7-4BDA-A2F1-0F56D0DDD365}.Release|Windows Phone 8.ActiveCfg = Release|Any CPU
		{AD174DF2-34E7-4BDA-A2F1-0F56D0DDD365}.Release|Windows Phone 8.Build.0 = Release|Any CPU
		{AD174DF2-34E7-4BDA-A2F1-0F56D0DDD365}.Release|Windows-AnyCPU.ActiveCfg = Release|Any CPU
		{AD174DF2-34E7-4BDA-A2F1-0F56D0DDD365}.Release|Windows-AnyCPU.Build.0 = Release|Any CPU
		{AD174DF2-34E7-4BDA-A2F1-0F56D0DDD365}.Release|Windows-ARM.ActiveCfg = Release|Any CPU
		{AD174DF2-34E7-4BDA-A2F1-0F56D0DDD365}.Release|Windows-ARM.Build.0 = Release|Any CPU
		{AD174DF2-34E7-4BDA-A2F1-0F56D0DDD365}.Release|Windows-x64.ActiveCfg = Release|Any CPU
		{AD174DF2-34E7-4BDA-A2F1-0F56D0DDD365}.Release|Windows-x64.Build.0 = Release|Any CPU
		{AD174DF2-34E7-4BDA-A2F1-0F56D0DDD365}.Release|Windows-x86.ActiveCfg = Release|Any CPU
		{AD174DF2-34E7-4BDA-A2F1-0F56D0DDD365}.Release|Windows-x86.Build.0 = Release|Any CPU
		{917C4991-4EC3-4044-98CA-E3872D08E5DB}.Debug|Android.ActiveCfg = Debug|Any CPU
		{917C4991-4EC3-4044-98CA-E3872D08E5DB}.Debug|Android.Build.0 = Debug|Any CPU
		{917C4991-4EC3-4044-98CA-E3872D08E5DB}.Debug|Any CPU.ActiveCfg = Debug|Any CPU
		{917C4991-4EC3-4044-98CA-E3872D08E5DB}.Debug|Any CPU.Build.0 = Debug|Any CPU
		{917C4991-4EC3-4044-98CA-E3872D08E5DB}.Debug|iOS.ActiveCfg = Debug|Any CPU
		{917C4991-4EC3-4044-98CA-E3872D08E5DB}.Debug|iOS.Build.0 = Debug|Any CPU
		{917C4991-4EC3-4044-98CA-E3872D08E5DB}.Debug|Windows Phone (Universal).ActiveCfg = Debug|Any CPU
		{917C4991-4EC3-4044-98CA-E3872D08E5DB}.Debug|Windows Phone (Universal).Build.0 = Debug|Any CPU
		{917C4991-4EC3-4044-98CA-E3872D08E5DB}.Debug|Windows Phone 8.ActiveCfg = Debug|Any CPU
		{917C4991-4EC3-4044-98CA-E3872D08E5DB}.Debug|Windows Phone 8.Build.0 = Debug|Any CPU
		{917C4991-4EC3-4044-98CA-E3872D08E5DB}.Debug|Windows-AnyCPU.ActiveCfg = Debug|Any CPU
		{917C4991-4EC3-4044-98CA-E3872D08E5DB}.Debug|Windows-AnyCPU.Build.0 = Debug|Any CPU
		{917C4991-4EC3-4044-98CA-E3872D08E5DB}.Debug|Windows-ARM.ActiveCfg = Debug|Any CPU
		{917C4991-4EC3-4044-98CA-E3872D08E5DB}.Debug|Windows-ARM.Build.0 = Debug|Any CPU
		{917C4991-4EC3-4044-98CA-E3872D08E5DB}.Debug|Windows-x64.ActiveCfg = Debug|Any CPU
		{917C4991-4EC3-4044-98CA-E3872D08E5DB}.Debug|Windows-x64.Build.0 = Debug|Any CPU
		{917C4991-4EC3-4044-98CA-E3872D08E5DB}.Debug|Windows-x86.ActiveCfg = Debug|Any CPU
		{917C4991-4EC3-4044-98CA-E3872D08E5DB}.Debug|Windows-x86.Build.0 = Debug|Any CPU
		{917C4991-4EC3-4044-98CA-E3872D08E5DB}.Release|Android.ActiveCfg = Release|Any CPU
		{917C4991-4EC3-4044-98CA-E3872D08E5DB}.Release|Android.Build.0 = Release|Any CPU
		{917C4991-4EC3-4044-98CA-E3872D08E5DB}.Release|Any CPU.ActiveCfg = Release|Any CPU
		{917C4991-4EC3-4044-98CA-E3872D08E5DB}.Release|Any CPU.Build.0 = Release|Any CPU
		{917C4991-4EC3-4044-98CA-E3872D08E5DB}.Release|iOS.ActiveCfg = Release|Any CPU
		{917C4991-4EC3-4044-98CA-E3872D08E5DB}.Release|iOS.Build.0 = Release|Any CPU
		{917C4991-4EC3-4044-98CA-E3872D08E5DB}.Release|Windows Phone (Universal).ActiveCfg = Release|Any CPU
		{917C4991-4EC3-4044-98CA-E3872D08E5DB}.Release|Windows Phone (Universal).Build.0 = Release|Any CPU
		{917C4991-4EC3-4044-98CA-E3872D08E5DB}.Release|Windows Phone 8.ActiveCfg = Release|Any CPU
		{917C4991-4EC3-4044-98CA-E3872D08E5DB}.Release|Windows Phone 8.Build.0 = Release|Any CPU
		{917C4991-4EC3-4044-98CA-E3872D08E5DB}.Release|Windows-AnyCPU.ActiveCfg = Release|Any CPU
		{917C4991-4EC3-4044-98CA-E3872D08E5DB}.Release|Windows-AnyCPU.Build.0 = Release|Any CPU
		{917C4991-4EC3-4044-98CA-E3872D08E5DB}.Release|Windows-ARM.ActiveCfg = Release|Any CPU
		{917C4991-4EC3-4044-98CA-E3872D08E5DB}.Release|Windows-ARM.Build.0 = Release|Any CPU
		{917C4991-4EC3-4044-98CA-E3872D08E5DB}.Release|Windows-x64.ActiveCfg = Release|Any CPU
		{917C4991-4EC3-4044-98CA-E3872D08E5DB}.Release|Windows-x64.Build.0 = Release|Any CPU
		{917C4991-4EC3-4044-98CA-E3872D08E5DB}.Release|Windows-x86.ActiveCfg = Release|Any CPU
		{917C4991-4EC3-4044-98CA-E3872D08E5DB}.Release|Windows-x86.Build.0 = Release|Any CPU
		{7C9CCB93-64C6-4659-920A-EB07A35050B2}.Debug|Android.ActiveCfg = Debug|Any CPU
		{7C9CCB93-64C6-4659-920A-EB07A35050B2}.Debug|Android.Build.0 = Debug|Any CPU
		{7C9CCB93-64C6-4659-920A-EB07A35050B2}.Debug|Any CPU.ActiveCfg = Debug|Any CPU
		{7C9CCB93-64C6-4659-920A-EB07A35050B2}.Debug|Any CPU.Build.0 = Debug|Any CPU
		{7C9CCB93-64C6-4659-920A-EB07A35050B2}.Debug|iOS.ActiveCfg = Debug|Any CPU
		{7C9CCB93-64C6-4659-920A-EB07A35050B2}.Debug|iOS.Build.0 = Debug|Any CPU
		{7C9CCB93-64C6-4659-920A-EB07A35050B2}.Debug|Windows Phone (Universal).ActiveCfg = Debug|Any CPU
		{7C9CCB93-64C6-4659-920A-EB07A35050B2}.Debug|Windows Phone (Universal).Build.0 = Debug|Any CPU
		{7C9CCB93-64C6-4659-920A-EB07A35050B2}.Debug|Windows Phone 8.ActiveCfg = Debug|Any CPU
		{7C9CCB93-64C6-4659-920A-EB07A35050B2}.Debug|Windows Phone 8.Build.0 = Debug|Any CPU
		{7C9CCB93-64C6-4659-920A-EB07A35050B2}.Debug|Windows-AnyCPU.ActiveCfg = Debug|Any CPU
		{7C9CCB93-64C6-4659-920A-EB07A35050B2}.Debug|Windows-AnyCPU.Build.0 = Debug|Any CPU
		{7C9CCB93-64C6-4659-920A-EB07A35050B2}.Debug|Windows-ARM.ActiveCfg = Debug|Any CPU
		{7C9CCB93-64C6-4659-920A-EB07A35050B2}.Debug|Windows-ARM.Build.0 = Debug|Any CPU
		{7C9CCB93-64C6-4659-920A-EB07A35050B2}.Debug|Windows-x64.ActiveCfg = Debug|Any CPU
		{7C9CCB93-64C6-4659-920A-EB07A35050B2}.Debug|Windows-x64.Build.0 = Debug|Any CPU
		{7C9CCB93-64C6-4659-920A-EB07A35050B2}.Debug|Windows-x86.ActiveCfg = Debug|Any CPU
		{7C9CCB93-64C6-4659-920A-EB07A35050B2}.Debug|Windows-x86.Build.0 = Debug|Any CPU
		{7C9CCB93-64C6-4659-920A-EB07A35050B2}.Release|Android.ActiveCfg = Release|Any CPU
		{7C9CCB93-64C6-4659-920A-EB07A35050B2}.Release|Android.Build.0 = Release|Any CPU
		{7C9CCB93-64C6-4659-920A-EB07A35050B2}.Release|Any CPU.ActiveCfg = Release|Any CPU
		{7C9CCB93-64C6-4659-920A-EB07A35050B2}.Release|Any CPU.Build.0 = Release|Any CPU
		{7C9CCB93-64C6-4659-920A-EB07A35050B2}.Release|iOS.ActiveCfg = Release|Any CPU
		{7C9CCB93-64C6-4659-920A-EB07A35050B2}.Release|iOS.Build.0 = Release|Any CPU
		{7C9CCB93-64C6-4659-920A-EB07A35050B2}.Release|Windows Phone (Universal).ActiveCfg = Release|Any CPU
		{7C9CCB93-64C6-4659-920A-EB07A35050B2}.Release|Windows Phone (Universal).Build.0 = Release|Any CPU
		{7C9CCB93-64C6-4659-920A-EB07A35050B2}.Release|Windows Phone 8.ActiveCfg = Release|Any CPU
		{7C9CCB93-64C6-4659-920A-EB07A35050B2}.Release|Windows Phone 8.Build.0 = Release|Any CPU
		{7C9CCB93-64C6-4659-920A-EB07A35050B2}.Release|Windows-AnyCPU.ActiveCfg = Release|Any CPU
		{7C9CCB93-64C6-4659-920A-EB07A35050B2}.Release|Windows-AnyCPU.Build.0 = Release|Any CPU
		{7C9CCB93-64C6-4659-920A-EB07A35050B2}.Release|Windows-ARM.ActiveCfg = Release|Any CPU
		{7C9CCB93-64C6-4659-920A-EB07A35050B2}.Release|Windows-ARM.Build.0 = Release|Any CPU
		{7C9CCB93-64C6-4659-920A-EB07A35050B2}.Release|Windows-x64.ActiveCfg = Release|Any CPU
		{7C9CCB93-64C6-4659-920A-EB07A35050B2}.Release|Windows-x64.Build.0 = Release|Any CPU
		{7C9CCB93-64C6-4659-920A-EB07A35050B2}.Release|Windows-x86.ActiveCfg = Release|Any CPU
		{7C9CCB93-64C6-4659-920A-EB07A35050B2}.Release|Windows-x86.Build.0 = Release|Any CPU
		{7472BFD8-A469-4530-8A67-325C98D3FCE3}.Debug|Android.ActiveCfg = Debug|Android
		{7472BFD8-A469-4530-8A67-325C98D3FCE3}.Debug|Android.Build.0 = Debug|Android
		{7472BFD8-A469-4530-8A67-325C98D3FCE3}.Debug|Android.Deploy.0 = Debug|Android
		{7472BFD8-A469-4530-8A67-325C98D3FCE3}.Debug|Any CPU.ActiveCfg = Debug|Android
		{7472BFD8-A469-4530-8A67-325C98D3FCE3}.Debug|iOS.ActiveCfg = Debug|iOS
		{7472BFD8-A469-4530-8A67-325C98D3FCE3}.Debug|iOS.Build.0 = Debug|iOS
		{7472BFD8-A469-4530-8A67-325C98D3FCE3}.Debug|iOS.Deploy.0 = Debug|iOS
		{7472BFD8-A469-4530-8A67-325C98D3FCE3}.Debug|Windows Phone (Universal).ActiveCfg = Debug|Windows Phone (Universal)
		{7472BFD8-A469-4530-8A67-325C98D3FCE3}.Debug|Windows Phone (Universal).Build.0 = Debug|Windows Phone (Universal)
		{7472BFD8-A469-4530-8A67-325C98D3FCE3}.Debug|Windows Phone (Universal).Deploy.0 = Debug|Windows Phone (Universal)
		{7472BFD8-A469-4530-8A67-325C98D3FCE3}.Debug|Windows Phone 8.ActiveCfg = Debug|Windows Phone 8
		{7472BFD8-A469-4530-8A67-325C98D3FCE3}.Debug|Windows Phone 8.Build.0 = Debug|Windows Phone 8
		{7472BFD8-A469-4530-8A67-325C98D3FCE3}.Debug|Windows Phone 8.Deploy.0 = Debug|Windows Phone 8
		{7472BFD8-A469-4530-8A67-325C98D3FCE3}.Debug|Windows-AnyCPU.ActiveCfg = Debug|Windows-AnyCPU
		{7472BFD8-A469-4530-8A67-325C98D3FCE3}.Debug|Windows-AnyCPU.Build.0 = Debug|Windows-AnyCPU
		{7472BFD8-A469-4530-8A67-325C98D3FCE3}.Debug|Windows-AnyCPU.Deploy.0 = Debug|Windows-AnyCPU
		{7472BFD8-A469-4530-8A67-325C98D3FCE3}.Debug|Windows-ARM.ActiveCfg = Debug|Windows-ARM
		{7472BFD8-A469-4530-8A67-325C98D3FCE3}.Debug|Windows-ARM.Build.0 = Debug|Windows-ARM
		{7472BFD8-A469-4530-8A67-325C98D3FCE3}.Debug|Windows-ARM.Deploy.0 = Debug|Windows-ARM
		{7472BFD8-A469-4530-8A67-325C98D3FCE3}.Debug|Windows-x64.ActiveCfg = Debug|Windows-x64
		{7472BFD8-A469-4530-8A67-325C98D3FCE3}.Debug|Windows-x64.Build.0 = Debug|Windows-x64
		{7472BFD8-A469-4530-8A67-325C98D3FCE3}.Debug|Windows-x64.Deploy.0 = Debug|Windows-x64
		{7472BFD8-A469-4530-8A67-325C98D3FCE3}.Debug|Windows-x86.ActiveCfg = Debug|Windows-x86
		{7472BFD8-A469-4530-8A67-325C98D3FCE3}.Debug|Windows-x86.Build.0 = Debug|Windows-x86
		{7472BFD8-A469-4530-8A67-325C98D3FCE3}.Debug|Windows-x86.Deploy.0 = Debug|Windows-x86
		{7472BFD8-A469-4530-8A67-325C98D3FCE3}.Release|Android.ActiveCfg = Release|Android
		{7472BFD8-A469-4530-8A67-325C98D3FCE3}.Release|Android.Build.0 = Release|Android
		{7472BFD8-A469-4530-8A67-325C98D3FCE3}.Release|Android.Deploy.0 = Release|Android
		{7472BFD8-A469-4530-8A67-325C98D3FCE3}.Release|Any CPU.ActiveCfg = Release|Android
		{7472BFD8-A469-4530-8A67-325C98D3FCE3}.Release|iOS.ActiveCfg = Release|iOS
		{7472BFD8-A469-4530-8A67-325C98D3FCE3}.Release|iOS.Build.0 = Release|iOS
		{7472BFD8-A469-4530-8A67-325C98D3FCE3}.Release|iOS.Deploy.0 = Release|iOS
		{7472BFD8-A469-4530-8A67-325C98D3FCE3}.Release|Windows Phone (Universal).ActiveCfg = Release|Windows Phone (Universal)
		{7472BFD8-A469-4530-8A67-325C98D3FCE3}.Release|Windows Phone (Universal).Build.0 = Release|Windows Phone (Universal)
		{7472BFD8-A469-4530-8A67-325C98D3FCE3}.Release|Windows Phone (Universal).Deploy.0 = Release|Windows Phone (Universal)
		{7472BFD8-A469-4530-8A67-325C98D3FCE3}.Release|Windows Phone 8.ActiveCfg = Release|Windows Phone 8
		{7472BFD8-A469-4530-8A67-325C98D3FCE3}.Release|Windows Phone 8.Build.0 = Release|Windows Phone 8
		{7472BFD8-A469-4530-8A67-325C98D3FCE3}.Release|Windows Phone 8.Deploy.0 = Release|Windows Phone 8
		{7472BFD8-A469-4530-8A67-325C98D3FCE3}.Release|Windows-AnyCPU.ActiveCfg = Release|Windows-AnyCPU
		{7472BFD8-A469-4530-8A67-325C98D3FCE3}.Release|Windows-AnyCPU.Build.0 = Release|Windows-AnyCPU
		{7472BFD8-A469-4530-8A67-325C98D3FCE3}.Release|Windows-AnyCPU.Deploy.0 = Release|Windows-AnyCPU
		{7472BFD8-A469-4530-8A67-325C98D3FCE3}.Release|Windows-ARM.ActiveCfg = Release|Windows-ARM
		{7472BFD8-A469-4530-8A67-325C98D3FCE3}.Release|Windows-ARM.Build.0 = Release|Windows-ARM
		{7472BFD8-A469-4530-8A67-325C98D3FCE3}.Release|Windows-ARM.Deploy.0 = Release|Windows-ARM
		{7472BFD8-A469-4530-8A67-325C98D3FCE3}.Release|Windows-x64.ActiveCfg = Release|Windows-x64
		{7472BFD8-A469-4530-8A67-325C98D3FCE3}.Release|Windows-x64.Build.0 = Release|Windows-x64
		{7472BFD8-A469-4530-8A67-325C98D3FCE3}.Release|Windows-x64.Deploy.0 = Release|Windows-x64
		{7472BFD8-A469-4530-8A67-325C98D3FCE3}.Release|Windows-x86.ActiveCfg = Release|Windows-x86
		{7472BFD8-A469-4530-8A67-325C98D3FCE3}.Release|Windows-x86.Build.0 = Release|Windows-x86
		{7472BFD8-A469-4530-8A67-325C98D3FCE3}.Release|Windows-x86.Deploy.0 = Release|Windows-x86
	EndGlobalSection
	GlobalSection(SolutionProperties) = preSolution
		HideSolutionNode = FALSE
	EndGlobalSection
	GlobalSection(NestedProjects) = preSolution
		{F6694F3A-BC35-422E-BADD-7087A97A586F} = {CDFC7A7C-2A97-4F46-BF25-61BE15C451DB}
		{D6109318-1CDC-486F-8485-E169BD759B97} = {CDFC7A7C-2A97-4F46-BF25-61BE15C451DB}
		{D053B472-5CFD-4F00-9A4E-E1F5728E7A47} = {A929A223-33A1-46B6-93DF-466ECB96296F}
		{D78FC50B-3B9D-4450-BDE8-FC707BD5442C} = {933ED3D8-DC3B-46D8-AABA-9632821E80A9}
		{3E1A5C53-AC90-4FD3-AECA-77F82A8FC3C6} = {214BB0D0-6E51-4297-99B2-3EE7B2E108F7}
		{4C27B610-293B-4AEC-9C48-5A31D89B5AF0} = {933ED3D8-DC3B-46D8-AABA-9632821E80A9}
		{214BB0D0-6E51-4297-99B2-3EE7B2E108F7} = {7F2A7E12-9CC6-4581-882A-918B4CD400B6}
		{933ED3D8-DC3B-46D8-AABA-9632821E80A9} = {7F2A7E12-9CC6-4581-882A-918B4CD400B6}
		{C610E1E2-FF1D-4A66-9E84-2E09A386BFD3} = {69318118-7202-4DF8-AB1F-52821C1E6297}
		{33029380-5F50-41B8-A063-2E94B3EECFB4} = {2BFC8637-3339-4382-B77E-9319080D442C}
		{4884CF3E-5AE2-4E22-A1C9-F47D74E3A19C} = {2BFC8637-3339-4382-B77E-9319080D442C}
		{AD174DF2-34E7-4BDA-A2F1-0F56D0DDD365} = {2BFC8637-3339-4382-B77E-9319080D442C}
		{917C4991-4EC3-4044-98CA-E3872D08E5DB} = {2BFC8637-3339-4382-B77E-9319080D442C}
		{7C9CCB93-64C6-4659-920A-EB07A35050B2} = {2BFC8637-3339-4382-B77E-9319080D442C}
		{7472BFD8-A469-4530-8A67-325C98D3FCE3} = {2BFC8637-3339-4382-B77E-9319080D442C}
	EndGlobalSection
EndGlobal
